
Microsoft Visual Studio Solution File, Format Version 12.00
# Visual Studio Version 16
VisualStudioVersion = 16.0.30717.126
MinimumVisualStudioVersion = 10.0.40219.1
Project("{2150E333-8FDC-42A3-9474-1A3956D46DE8}") = "Core", "Core", "{B46754D1-47DC-4091-A990-9F87001F305F}"
EndProject
Project("{2150E333-8FDC-42A3-9474-1A3956D46DE8}") = "Infrastructure", "Infrastructure", "{9C6FDB1F-3809-4902-8826-6AC1919B0E9F}"
EndProject
Project("{2150E333-8FDC-42A3-9474-1A3956D46DE8}") = "DataAccess", "DataAccess", "{B1A8D079-754A-4A0E-82B4-529D4BFAE6C9}"
EndProject
Project("{9A19103F-16F7-4668-BE54-9A1E7A4F7556}") = "Core.Infrastructure.DataAccess.EfCoreDataAccess", "Core\Infrastructure\DataAccess\EfCoreDataAccess\Core.Infrastructure.DataAccess.EfCoreDataAccess.csproj", "{8F04F970-97BF-4D44-BEE6-F7508A0455F0}"
EndProject
Project("{9A19103F-16F7-4668-BE54-9A1E7A4F7556}") = "Core.ApplicationServices", "Core\ApplicationServices\Core.ApplicationServices.csproj", "{F834BD5E-F7F4-421A-9AB5-9C99558C831D}"
EndProject
Project("{9A19103F-16F7-4668-BE54-9A1E7A4F7556}") = "Core.Domain", "Core\Domain\Core.Domain.csproj", "{88014464-586F-4F67-8156-18B6A9D8205C}"
EndProject
Project("{2150E333-8FDC-42A3-9474-1A3956D46DE8}") = "Common", "Common", "{B453A392-0953-42BA-906A-9E6C8B7C288A}"
EndProject
Project("{9A19103F-16F7-4668-BE54-9A1E7A4F7556}") = "Common.Utils", "Common\Utils\Common.Utils.csproj", "{250D67EB-1AE3-46DC-92F0-1F70FBB0760F}"
EndProject
Project("{9A19103F-16F7-4668-BE54-9A1E7A4F7556}") = "Common.EfCoreDataAccess", "Common\EfCoreDataAccess\Common.EfCoreDataAccess.csproj", "{7079030B-D665-4C4F-9788-A2CCB2CF9F6E}"
EndProject
Project("{2150E333-8FDC-42A3-9474-1A3956D46DE8}") = "Applications", "Applications", "{E3D62D1E-297D-4820-964F-87F1F50B1FC9}"
EndProject
Project("{9A19103F-16F7-4668-BE54-9A1E7A4F7556}") = "Applications.WebClient", "Applications\WebClient\Applications.WebClient.csproj", "{1961F0B2-A9A5-4FD6-82F5-74B2411BDCC3}"
EndProject
Project("{2150E333-8FDC-42A3-9474-1A3956D46DE8}") = "Authentication", "Authentication", "{95C470FB-03E0-4D5D-B37D-FD4FB970D6C4}"
EndProject
Project("{9A19103F-16F7-4668-BE54-9A1E7A4F7556}") = "Authentication.Domain", "Authentication\Domain\Authentication.Domain.csproj", "{98E08B73-125C-452E-BD4E-F0D4515BA6AB}"
EndProject
Project("{2150E333-8FDC-42A3-9474-1A3956D46DE8}") = "Infrastructure", "Infrastructure", "{5B957A16-A827-4A33-8719-C13FB53A45BC}"
EndProject
Project("{2150E333-8FDC-42A3-9474-1A3956D46DE8}") = "DataAccess", "DataAccess", "{5CF8A69C-01D0-434F-B522-BFDE607E201E}"
EndProject
Project("{9A19103F-16F7-4668-BE54-9A1E7A4F7556}") = "Authentication.Infrastructure.DataAccess.EfCoreDataAccess", "EfCoreDataAccess\Authentication.Infrastructure.DataAccess.EfCoreDataAccess.csproj", "{F4A659A6-B7BB-4D19-8F09-F7C598E87104}"
EndProject
Project("{9A19103F-16F7-4668-BE54-9A1E7A4F7556}") = "Authentication.ApplicationServices", "Authentication.ApplicationServices\Authentication.ApplicationServices.csproj", "{F0691363-1984-4A80-B92B-0DBB2227E9D3}"
EndProject
Project("{2150E333-8FDC-42A3-9474-1A3956D46DE8}") = "Tests", "Tests", "{DDD346EA-103D-40FA-AB8F-38F0C03DBD15}"
EndProject
Project("{9A19103F-16F7-4668-BE54-9A1E7A4F7556}") = "Tests.CoreApplicationServicesTests", "Tests\CoreApplicationServicesTests\Tests.CoreApplicationServicesTests.csproj", "{178D49EF-4AFD-4498-92B3-28C02190A996}"
EndProject
Project("{2150E333-8FDC-42A3-9474-1A3956D46DE8}") = "Services", "Services", "{B08212F1-6B14-4934-9E4B-2115C92A7A61}"
EndProject
Project("{FAE04EC0-301F-11D3-BF4B-00C04F79EFBC}") = "Core.Infrastructure.Services.MailService", "Core\Infrastructure\Services\MailService\Core.Infrastructure.Services.MailService.csproj", "{AB80C94A-3FF4-4AA2-96F0-916ECBCE51D4}"
EndProject
Global
	GlobalSection(SolutionConfigurationPlatforms) = preSolution
		Debug|Any CPU = Debug|Any CPU
		Release|Any CPU = Release|Any CPU
	EndGlobalSection
	GlobalSection(ProjectConfigurationPlatforms) = postSolution
		{8F04F970-97BF-4D44-BEE6-F7508A0455F0}.Debug|Any CPU.ActiveCfg = Debug|Any CPU
		{8F04F970-97BF-4D44-BEE6-F7508A0455F0}.Debug|Any CPU.Build.0 = Debug|Any CPU
		{8F04F970-97BF-4D44-BEE6-F7508A0455F0}.Release|Any CPU.ActiveCfg = Release|Any CPU
		{8F04F970-97BF-4D44-BEE6-F7508A0455F0}.Release|Any CPU.Build.0 = Release|Any CPU
		{F834BD5E-F7F4-421A-9AB5-9C99558C831D}.Debug|Any CPU.ActiveCfg = Debug|Any CPU
		{F834BD5E-F7F4-421A-9AB5-9C99558C831D}.Debug|Any CPU.Build.0 = Debug|Any CPU
		{F834BD5E-F7F4-421A-9AB5-9C99558C831D}.Release|Any CPU.ActiveCfg = Release|Any CPU
		{F834BD5E-F7F4-421A-9AB5-9C99558C831D}.Release|Any CPU.Build.0 = Release|Any CPU
		{88014464-586F-4F67-8156-18B6A9D8205C}.Debug|Any CPU.ActiveCfg = Debug|Any CPU
		{88014464-586F-4F67-8156-18B6A9D8205C}.Debug|Any CPU.Build.0 = Debug|Any CPU
		{88014464-586F-4F67-8156-18B6A9D8205C}.Release|Any CPU.ActiveCfg = Release|Any CPU
		{88014464-586F-4F67-8156-18B6A9D8205C}.Release|Any CPU.Build.0 = Release|Any CPU
		{250D67EB-1AE3-46DC-92F0-1F70FBB0760F}.Debug|Any CPU.ActiveCfg = Debug|Any CPU
		{250D67EB-1AE3-46DC-92F0-1F70FBB0760F}.Debug|Any CPU.Build.0 = Debug|Any CPU
		{250D67EB-1AE3-46DC-92F0-1F70FBB0760F}.Release|Any CPU.ActiveCfg = Release|Any CPU
		{250D67EB-1AE3-46DC-92F0-1F70FBB0760F}.Release|Any CPU.Build.0 = Release|Any CPU
		{7079030B-D665-4C4F-9788-A2CCB2CF9F6E}.Debug|Any CPU.ActiveCfg = Debug|Any CPU
		{7079030B-D665-4C4F-9788-A2CCB2CF9F6E}.Debug|Any CPU.Build.0 = Debug|Any CPU
		{7079030B-D665-4C4F-9788-A2CCB2CF9F6E}.Release|Any CPU.ActiveCfg = Release|Any CPU
		{7079030B-D665-4C4F-9788-A2CCB2CF9F6E}.Release|Any CPU.Build.0 = Release|Any CPU
		{1961F0B2-A9A5-4FD6-82F5-74B2411BDCC3}.Debug|Any CPU.ActiveCfg = Debug|Any CPU
		{1961F0B2-A9A5-4FD6-82F5-74B2411BDCC3}.Debug|Any CPU.Build.0 = Debug|Any CPU
		{1961F0B2-A9A5-4FD6-82F5-74B2411BDCC3}.Release|Any CPU.ActiveCfg = Release|Any CPU
		{1961F0B2-A9A5-4FD6-82F5-74B2411BDCC3}.Release|Any CPU.Build.0 = Release|Any CPU
		{98E08B73-125C-452E-BD4E-F0D4515BA6AB}.Debug|Any CPU.ActiveCfg = Debug|Any CPU
		{98E08B73-125C-452E-BD4E-F0D4515BA6AB}.Debug|Any CPU.Build.0 = Debug|Any CPU
		{98E08B73-125C-452E-BD4E-F0D4515BA6AB}.Release|Any CPU.ActiveCfg = Release|Any CPU
		{98E08B73-125C-452E-BD4E-F0D4515BA6AB}.Release|Any CPU.Build.0 = Release|Any CPU
		{F4A659A6-B7BB-4D19-8F09-F7C598E87104}.Debug|Any CPU.ActiveCfg = Debug|Any CPU
		{F4A659A6-B7BB-4D19-8F09-F7C598E87104}.Debug|Any CPU.Build.0 = Debug|Any CPU
		{F4A659A6-B7BB-4D19-8F09-F7C598E87104}.Release|Any CPU.ActiveCfg = Release|Any CPU
		{F4A659A6-B7BB-4D19-8F09-F7C598E87104}.Release|Any CPU.Build.0 = Release|Any CPU
		{F0691363-1984-4A80-B92B-0DBB2227E9D3}.Debug|Any CPU.ActiveCfg = Debug|Any CPU
		{F0691363-1984-4A80-B92B-0DBB2227E9D3}.Debug|Any CPU.Build.0 = Debug|Any CPU
		{F0691363-1984-4A80-B92B-0DBB2227E9D3}.Release|Any CPU.ActiveCfg = Release|Any CPU
		{F0691363-1984-4A80-B92B-0DBB2227E9D3}.Release|Any CPU.Build.0 = Release|Any CPU
		{178D49EF-4AFD-4498-92B3-28C02190A996}.Debug|Any CPU.ActiveCfg = Debug|Any CPU
		{178D49EF-4AFD-4498-92B3-28C02190A996}.Debug|Any CPU.Build.0 = Debug|Any CPU
		{178D49EF-4AFD-4498-92B3-28C02190A996}.Release|Any CPU.ActiveCfg = Release|Any CPU
		{178D49EF-4AFD-4498-92B3-28C02190A996}.Release|Any CPU.Build.0 = Release|Any CPU
		{AB80C94A-3FF4-4AA2-96F0-916ECBCE51D4}.Debug|Any CPU.ActiveCfg = Debug|Any CPU
		{AB80C94A-3FF4-4AA2-96F0-916ECBCE51D4}.Debug|Any CPU.Build.0 = Debug|Any CPU
		{AB80C94A-3FF4-4AA2-96F0-916ECBCE51D4}.Release|Any CPU.ActiveCfg = Release|Any CPU
		{AB80C94A-3FF4-4AA2-96F0-916ECBCE51D4}.Release|Any CPU.Build.0 = Release|Any CPU
	EndGlobalSection
	GlobalSection(SolutionProperties) = preSolution
		HideSolutionNode = FALSE
	EndGlobalSection
	GlobalSection(NestedProjects) = preSolution
		{9C6FDB1F-3809-4902-8826-6AC1919B0E9F} = {B46754D1-47DC-4091-A990-9F87001F305F}
		{B1A8D079-754A-4A0E-82B4-529D4BFAE6C9} = {9C6FDB1F-3809-4902-8826-6AC1919B0E9F}
		{8F04F970-97BF-4D44-BEE6-F7508A0455F0} = {B1A8D079-754A-4A0E-82B4-529D4BFAE6C9}
		{F834BD5E-F7F4-421A-9AB5-9C99558C831D} = {B46754D1-47DC-4091-A990-9F87001F305F}
		{88014464-586F-4F67-8156-18B6A9D8205C} = {B46754D1-47DC-4091-A990-9F87001F305F}
		{250D67EB-1AE3-46DC-92F0-1F70FBB0760F} = {B453A392-0953-42BA-906A-9E6C8B7C288A}
		{7079030B-D665-4C4F-9788-A2CCB2CF9F6E} = {B453A392-0953-42BA-906A-9E6C8B7C288A}
		{1961F0B2-A9A5-4FD6-82F5-74B2411BDCC3} = {E3D62D1E-297D-4820-964F-87F1F50B1FC9}
		{98E08B73-125C-452E-BD4E-F0D4515BA6AB} = {95C470FB-03E0-4D5D-B37D-FD4FB970D6C4}
		{5B957A16-A827-4A33-8719-C13FB53A45BC} = {95C470FB-03E0-4D5D-B37D-FD4FB970D6C4}
		{5CF8A69C-01D0-434F-B522-BFDE607E201E} = {5B957A16-A827-4A33-8719-C13FB53A45BC}
		{F4A659A6-B7BB-4D19-8F09-F7C598E87104} = {5CF8A69C-01D0-434F-B522-BFDE607E201E}
		{F0691363-1984-4A80-B92B-0DBB2227E9D3} = {95C470FB-03E0-4D5D-B37D-FD4FB970D6C4}
		{178D49EF-4AFD-4498-92B3-28C02190A996} = {DDD346EA-103D-40FA-AB8F-38F0C03DBD15}
		{B08212F1-6B14-4934-9E4B-2115C92A7A61} = {9C6FDB1F-3809-4902-8826-6AC1919B0E9F}
		{AB80C94A-3FF4-4AA2-96F0-916ECBCE51D4} = {B08212F1-6B14-4934-9E4B-2115C92A7A61}
	EndGlobalSection
	GlobalSection(ExtensibilityGlobals) = postSolution
		SolutionGuid = {58FEE514-0502-48A7-9A54-A645401AB173}
	EndGlobalSection
EndGlobal
